
Microsoft Visual Studio Solution File, Format Version 12.00
# Visual Studio Version 16
VisualStudioVersion = 16.0.31112.23
MinimumVisualStudioVersion = 10.0.40219.1
Project("{8BC9CEB8-8B4A-11D0-8D11-00A0C91BC942}") = "SFML", "SFML\SFML.vcxproj", "{AA375BB5-6375-445C-97C0-1A898CEFDD5F}"
EndProject
Global
	GlobalSection(SolutionConfigurationPlatforms) = preSolution
		Debug|x64 = Debug|x64
		Debug|x86 = Debug|x86
		Release|x64 = Release|x64
		Release|x86 = Release|x86
	EndGlobalSection
	GlobalSection(ProjectConfigurationPlatforms) = postSolution
		{AA375BB5-6375-445C-97C0-1A898CEFDD5F}.Debug|x64.ActiveCfg = Debug|x64
		{AA375BB5-6375-445C-97C0-1A898CEFDD5F}.Debug|x64.Build.0 = Debug|x64
		{AA375BB5-6375-445C-97C0-1A898CEFDD5F}.Debug|x86.ActiveCfg = Debug|Win32
		{AA375BB5-6375-445C-97C0-1A898CEFDD5F}.Debug|x86.Build.0 = Debug|Win32
		{AA375BB5-6375-445C-97C0-1A898CEFDD5F}.Release|x64.ActiveCfg = Release|x64
		{AA375BB5-6375-445C-97C0-1A898CEFDD5F}.Release|x64.Build.0 = Release|x64
		{AA375BB5-6375-445C-97C0-1A898CEFDD5F}.Release|x86.ActiveCfg = Release|Win32
		{AA375BB5-6375-445C-97C0-1A898CEFDD5F}.Release|x86.Build.0 = Release|Win32
	EndGlobalSection
	GlobalSection(SolutionProperties) = preSolution
		HideSolutionNode = FALSE
	EndGlobalSection
	GlobalSection(ExtensibilityGlobals) = postSolution
		SolutionGuid = {70B09BB9-CFB8-46C7-A456-B13BE686C679}
	EndGlobalSection
EndGlobal
